
Microsoft Visual Studio Solution File, Format Version 12.00
# Visual Studio Version 16
VisualStudioVersion = 16.0.30611.23
MinimumVisualStudioVersion = 10.0.40219.1
Project("{FAE04EC0-301F-11D3-BF4B-00C04F79EFBC}") = "ChatApp", "ChatApp.csproj", "{E3B30881-8205-416C-9CAD-92338CBDE8FF}"
EndProject
Global
	GlobalSection(SolutionConfigurationPlatforms) = preSolution
		Debug|Any CPU = Debug|Any CPU
		Release|Any CPU = Release|Any CPU
	EndGlobalSection
	GlobalSection(ProjectConfigurationPlatforms) = postSolution
		{E3B30881-8205-416C-9CAD-92338CBDE8FF}.Debug|Any CPU.ActiveCfg = Debug|Any CPU
		{E3B30881-8205-416C-9CAD-92338CBDE8FF}.Debug|Any CPU.Build.0 = Debug|Any CPU
		{E3B30881-8205-416C-9CAD-92338CBDE8FF}.Release|Any CPU.ActiveCfg = Release|Any CPU
		{E3B30881-8205-416C-9CAD-92338CBDE8FF}.Release|Any CPU.Build.0 = Release|Any CPU
	EndGlobalSection
	GlobalSection(SolutionProperties) = preSolution
		HideSolutionNode = FALSE
	EndGlobalSection
	GlobalSection(ExtensibilityGlobals) = postSolution
		SolutionGuid = {51F0F2A9-D713-4C28-B205-71F64899E1C9}
	EndGlobalSection
EndGlobal
